
Microsoft Visual Studio Solution File, Format Version 12.00
# Visual Studio 15
VisualStudioVersion = 15.0.27130.2036
MinimumVisualStudioVersion = 10.0.40219.1
Project("{9A19103F-16F7-4668-BE54-9A1E7A4F7556}") = "Xenox.AspNetCore.WebSockets.HttpJsonRpc", "src\Xenox.AspNetCore.WebSockets.HttpJsonRpc\Xenox.AspNetCore.WebSockets.HttpJsonRpc.csproj", "{F976C47F-3DC0-4F44-BEC2-D2A82B34882D}"
EndProject
Project("{9A19103F-16F7-4668-BE54-9A1E7A4F7556}") = "Xenox.DependencyInjection.Configuration", "src\Xenox.DependencyInjection.Configuration\Xenox.DependencyInjection.Configuration.csproj", "{7EA4A96D-1656-4969-BEF7-5D13516AE33D}"
EndProject
Project("{9A19103F-16F7-4668-BE54-9A1E7A4F7556}") = "Xenox.Encryption", "src\Xenox.Encryption\Xenox.Encryption.csproj", "{0F1866ED-6179-4995-8AF6-7CD0B1916ED1}"
EndProject
Project("{9A19103F-16F7-4668-BE54-9A1E7A4F7556}") = "Xenox.Serialization", "src\Xenox.Serialization\Xenox.Serialization.csproj", "{CA9FC02D-FA7C-40F1-81C4-523C874E8831}"
EndProject
Project("{9A19103F-16F7-4668-BE54-9A1E7A4F7556}") = "Xenox.Serialization.JsonNet", "src\Xenox.Serialization.JsonNet\Xenox.Serialization.JsonNet.csproj", "{AA018181-DDB5-4BAB-9F96-8390C62A8EC0}"
EndProject
Project("{9A19103F-16F7-4668-BE54-9A1E7A4F7556}") = "Xenox.Serialization.JsonNet.DependencyInjection", "src\Xenox.Serialization.JsonNet.DependencyInjection\Xenox.Serialization.JsonNet.DependencyInjection.csproj", "{8900006C-D2DF-4FB6-854C-D7D6B7352A35}"
EndProject
Project("{9A19103F-16F7-4668-BE54-9A1E7A4F7556}") = "Xenox.Encryption.DependencyInjection", "src\Xenox.Encryption.DependencyInjection\Xenox.Encryption.DependencyInjection.csproj", "{23E286DC-A734-4FBB-A085-0FD73749D7DB}"
EndProject
Project("{9A19103F-16F7-4668-BE54-9A1E7A4F7556}") = "Xenox.Encryption.SuperBasicEncryption", "src\Xenox.Encryption.SuperBasicEncryption\Xenox.Encryption.SuperBasicEncryption.csproj", "{3F91EFC0-5C4B-47BA-984A-B5BD751DD57C}"
EndProject
Project("{9A19103F-16F7-4668-BE54-9A1E7A4F7556}") = "Xenox.Domain", "src\Xenox.Domain\Xenox.Domain.csproj", "{308B3D51-807E-44F8-861A-2B0DE3177D0D}"
EndProject
Project("{9A19103F-16F7-4668-BE54-9A1E7A4F7556}") = "Xenox.Persistence.AggregateRootStore", "src\Xenox.Persistence.AggregateRootStore\Xenox.Persistence.AggregateRootStore.csproj", "{A50526EA-A48A-4AC9-AB70-45A47D630FE6}"
EndProject
Project("{9A19103F-16F7-4668-BE54-9A1E7A4F7556}") = "Xenox.Command", "src\Xenox.Command\Xenox.Command.csproj", "{6C864B3D-4555-44EE-AB63-FBBE80B341DD}"
EndProject
Project("{9A19103F-16F7-4668-BE54-9A1E7A4F7556}") = "Xenox.Event", "src\Xenox.Event\Xenox.Event.csproj", "{FFE29363-2A16-4CF4-8F5A-6CCBA888CB7D}"
EndProject
Project("{9A19103F-16F7-4668-BE54-9A1E7A4F7556}") = "Xenox.Query", "src\Xenox.Query\Xenox.Query.csproj", "{294FC447-004A-4B56-A9BC-C43745A28245}"
EndProject
Project("{9A19103F-16F7-4668-BE54-9A1E7A4F7556}") = "Xenox.Command.Dispatcher", "src\Xenox.Command.Dispatcher\Xenox.Command.Dispatcher.csproj", "{47F0F0E2-2FC0-4363-9664-4E4D4166030E}"
EndProject
Project("{9A19103F-16F7-4668-BE54-9A1E7A4F7556}") = "Xenox.DependencyInjection.Reflection", "src\Xenox.DependencyInjection.Reflection\Xenox.DependencyInjection.Reflection.csproj", "{B86B818B-80D5-44B6-8A37-50FED4528C63}"
EndProject
Project("{9A19103F-16F7-4668-BE54-9A1E7A4F7556}") = "Xenox.Reflection", "src\Xenox.Reflection\Xenox.Reflection.csproj", "{EBE2DA26-4B13-45D7-801A-8D5F36E8526B}"
EndProject
Project("{9A19103F-16F7-4668-BE54-9A1E7A4F7556}") = "Xenox.Messaging", "src\Xenox.Messaging\Xenox.Messaging.csproj", "{3A419984-EC16-48AF-806B-65322CD11F10}"
EndProject
Project("{9A19103F-16F7-4668-BE54-9A1E7A4F7556}") = "Xenox.Pipeline", "src\Xenox.Pipeline\Xenox.Pipeline.csproj", "{65FA55A9-0D33-46F7-87B5-9906838AB591}"
EndProject
Project("{9A19103F-16F7-4668-BE54-9A1E7A4F7556}") = "Xenox.DependencyInjection.Module", "src\Xenox.DependencyInjection.Module\Xenox.DependencyInjection.Module.csproj", "{4FBE2AA9-340B-45A9-AC44-6155BE693BE9}"
EndProject
Project("{9A19103F-16F7-4668-BE54-9A1E7A4F7556}") = "Xenox.Command.Handler", "src\Xenox.Command.Handler\Xenox.Command.Handler.csproj", "{1E8704D0-A631-48F7-BE45-D237F2B8DB6C}"
EndProject
Project("{9A19103F-16F7-4668-BE54-9A1E7A4F7556}") = "Xenox.Event.Handler", "src\Xenox.Event.Handler\Xenox.Event.Handler.csproj", "{737A01F5-75EC-4AB1-9846-D4AB6950C996}"
EndProject
Project("{9A19103F-16F7-4668-BE54-9A1E7A4F7556}") = "Xenox.Query.Handler", "src\Xenox.Query.Handler\Xenox.Query.Handler.csproj", "{91B6F48D-982C-4FB8-8C69-ECAC1A685941}"
EndProject
Project("{9A19103F-16F7-4668-BE54-9A1E7A4F7556}") = "Xenox.Event.Publisher", "src\Xenox.Event.Publisher\Xenox.Event.Publisher.csproj", "{A9904433-BA8C-4E4E-9C5F-79ADDF00E251}"
EndProject
Project("{9A19103F-16F7-4668-BE54-9A1E7A4F7556}") = "Xenox.Query.Paging", "src\Xenox.Query.Paging\Xenox.Query.Paging.csproj", "{472912B3-9D35-4886-BFD3-50B7FD9086D3}"
EndProject
Project("{9A19103F-16F7-4668-BE54-9A1E7A4F7556}") = "Xenox.Command.Messaging.Processor", "src\Xenox.Command.Messaging.Processor\Xenox.Command.Messaging.Processor.csproj", "{14E61E51-337F-4547-A71A-50ADCB879DCE}"
EndProject
Project("{9A19103F-16F7-4668-BE54-9A1E7A4F7556}") = "Xenox.Command.Serialization", "src\Xenox.Command.Serialization\Xenox.Command.Serialization.csproj", "{8478B7F9-F6B3-4D1D-BAAC-7BEB5A230FD2}"
EndProject
Project("{9A19103F-16F7-4668-BE54-9A1E7A4F7556}") = "Xenox.Command.Messaging.Serialization", "src\Xenox.Command.Messaging.Serialization\Xenox.Command.Messaging.Serialization.csproj", "{66B48A1B-43F8-48E7-A43C-054402A28EA3}"
EndProject
Project("{9A19103F-16F7-4668-BE54-9A1E7A4F7556}") = "Xenox.Type.Provider", "src\Xenox.Type.Provider\Xenox.Type.Provider.csproj", "{5A2C3327-CC3F-4099-87A1-4C107504A997}"
EndProject
Project("{9A19103F-16F7-4668-BE54-9A1E7A4F7556}") = "Xenox.Event.Handler.Provider", "src\Xenox.Event.Handler.Provider\Xenox.Event.Handler.Provider.csproj", "{84C9972B-BC94-461B-8BE9-E10954335123}"
EndProject
Project("{9A19103F-16F7-4668-BE54-9A1E7A4F7556}") = "Xenox.Command.Handler.Provider", "src\Xenox.Command.Handler.Provider\Xenox.Command.Handler.Provider.csproj", "{D0D1AA48-4571-4092-B853-35055AEAEDB3}"
EndProject
Project("{9A19103F-16F7-4668-BE54-9A1E7A4F7556}") = "Xenox.Query.Handler.Provider", "src\Xenox.Query.Handler.Provider\Xenox.Query.Handler.Provider.csproj", "{C0D149C9-AA34-4C51-A87D-42A9BCCFD5D8}"
EndProject
Project("{9A19103F-16F7-4668-BE54-9A1E7A4F7556}") = "Xenox.Command.Handler.Provider.DependencyInjection", "src\Xenox.Command.Handler.Provider.DependencyInjection\Xenox.Command.Handler.Provider.DependencyInjection.csproj", "{EF69E5B2-DCDB-406B-A885-BC9704CC2406}"
EndProject
Project("{9A19103F-16F7-4668-BE54-9A1E7A4F7556}") = "Xenox.Event.Handler.Provider.DependencyInjection", "src\Xenox.Event.Handler.Provider.DependencyInjection\Xenox.Event.Handler.Provider.DependencyInjection.csproj", "{CC533DAD-1CA9-4C7B-AEF3-780227E30ED0}"
EndProject
Project("{9A19103F-16F7-4668-BE54-9A1E7A4F7556}") = "Xenox.Query.Handler.Provider.DependencyInjection", "src\Xenox.Query.Handler.Provider.DependencyInjection\Xenox.Query.Handler.Provider.DependencyInjection.csproj", "{0BCA6042-FF16-4A76-AAE1-4651DEAAE6FF}"
EndProject
Project("{FAE04EC0-301F-11D3-BF4B-00C04F79EFBC}") = "Xenox.Command.Messaging.Processor.Host", "src\Xenox.Command.Messaging.Processor.Host\Xenox.Command.Messaging.Processor.Host.csproj", "{ABE0A87F-3B0E-4746-BE33-9FBE0398493C}"
EndProject
Global
	GlobalSection(SolutionConfigurationPlatforms) = preSolution
		Debug|Any CPU = Debug|Any CPU
		Release|Any CPU = Release|Any CPU
	EndGlobalSection
	GlobalSection(ProjectConfigurationPlatforms) = postSolution
		{F976C47F-3DC0-4F44-BEC2-D2A82B34882D}.Debug|Any CPU.ActiveCfg = Debug|Any CPU
		{F976C47F-3DC0-4F44-BEC2-D2A82B34882D}.Debug|Any CPU.Build.0 = Debug|Any CPU
		{F976C47F-3DC0-4F44-BEC2-D2A82B34882D}.Release|Any CPU.ActiveCfg = Release|Any CPU
		{F976C47F-3DC0-4F44-BEC2-D2A82B34882D}.Release|Any CPU.Build.0 = Release|Any CPU
		{7EA4A96D-1656-4969-BEF7-5D13516AE33D}.Debug|Any CPU.ActiveCfg = Debug|Any CPU
		{7EA4A96D-1656-4969-BEF7-5D13516AE33D}.Debug|Any CPU.Build.0 = Debug|Any CPU
		{7EA4A96D-1656-4969-BEF7-5D13516AE33D}.Release|Any CPU.ActiveCfg = Release|Any CPU
		{7EA4A96D-1656-4969-BEF7-5D13516AE33D}.Release|Any CPU.Build.0 = Release|Any CPU
		{0F1866ED-6179-4995-8AF6-7CD0B1916ED1}.Debug|Any CPU.ActiveCfg = Debug|Any CPU
		{0F1866ED-6179-4995-8AF6-7CD0B1916ED1}.Debug|Any CPU.Build.0 = Debug|Any CPU
		{0F1866ED-6179-4995-8AF6-7CD0B1916ED1}.Release|Any CPU.ActiveCfg = Release|Any CPU
		{0F1866ED-6179-4995-8AF6-7CD0B1916ED1}.Release|Any CPU.Build.0 = Release|Any CPU
		{CA9FC02D-FA7C-40F1-81C4-523C874E8831}.Debug|Any CPU.ActiveCfg = Debug|Any CPU
		{CA9FC02D-FA7C-40F1-81C4-523C874E8831}.Debug|Any CPU.Build.0 = Debug|Any CPU
		{CA9FC02D-FA7C-40F1-81C4-523C874E8831}.Release|Any CPU.ActiveCfg = Release|Any CPU
		{CA9FC02D-FA7C-40F1-81C4-523C874E8831}.Release|Any CPU.Build.0 = Release|Any CPU
		{AA018181-DDB5-4BAB-9F96-8390C62A8EC0}.Debug|Any CPU.ActiveCfg = Debug|Any CPU
		{AA018181-DDB5-4BAB-9F96-8390C62A8EC0}.Debug|Any CPU.Build.0 = Debug|Any CPU
		{AA018181-DDB5-4BAB-9F96-8390C62A8EC0}.Release|Any CPU.ActiveCfg = Release|Any CPU
		{AA018181-DDB5-4BAB-9F96-8390C62A8EC0}.Release|Any CPU.Build.0 = Release|Any CPU
		{8900006C-D2DF-4FB6-854C-D7D6B7352A35}.Debug|Any CPU.ActiveCfg = Debug|Any CPU
		{8900006C-D2DF-4FB6-854C-D7D6B7352A35}.Debug|Any CPU.Build.0 = Debug|Any CPU
		{8900006C-D2DF-4FB6-854C-D7D6B7352A35}.Release|Any CPU.ActiveCfg = Release|Any CPU
		{8900006C-D2DF-4FB6-854C-D7D6B7352A35}.Release|Any CPU.Build.0 = Release|Any CPU
		{23E286DC-A734-4FBB-A085-0FD73749D7DB}.Debug|Any CPU.ActiveCfg = Debug|Any CPU
		{23E286DC-A734-4FBB-A085-0FD73749D7DB}.Debug|Any CPU.Build.0 = Debug|Any CPU
		{23E286DC-A734-4FBB-A085-0FD73749D7DB}.Release|Any CPU.ActiveCfg = Release|Any CPU
		{23E286DC-A734-4FBB-A085-0FD73749D7DB}.Release|Any CPU.Build.0 = Release|Any CPU
		{3F91EFC0-5C4B-47BA-984A-B5BD751DD57C}.Debug|Any CPU.ActiveCfg = Debug|Any CPU
		{3F91EFC0-5C4B-47BA-984A-B5BD751DD57C}.Debug|Any CPU.Build.0 = Debug|Any CPU
		{3F91EFC0-5C4B-47BA-984A-B5BD751DD57C}.Release|Any CPU.ActiveCfg = Release|Any CPU
		{3F91EFC0-5C4B-47BA-984A-B5BD751DD57C}.Release|Any CPU.Build.0 = Release|Any CPU
		{308B3D51-807E-44F8-861A-2B0DE3177D0D}.Debug|Any CPU.ActiveCfg = Debug|Any CPU
		{308B3D51-807E-44F8-861A-2B0DE3177D0D}.Debug|Any CPU.Build.0 = Debug|Any CPU
		{308B3D51-807E-44F8-861A-2B0DE3177D0D}.Release|Any CPU.ActiveCfg = Release|Any CPU
		{308B3D51-807E-44F8-861A-2B0DE3177D0D}.Release|Any CPU.Build.0 = Release|Any CPU
		{A50526EA-A48A-4AC9-AB70-45A47D630FE6}.Debug|Any CPU.ActiveCfg = Debug|Any CPU
		{A50526EA-A48A-4AC9-AB70-45A47D630FE6}.Debug|Any CPU.Build.0 = Debug|Any CPU
		{A50526EA-A48A-4AC9-AB70-45A47D630FE6}.Release|Any CPU.ActiveCfg = Release|Any CPU
		{A50526EA-A48A-4AC9-AB70-45A47D630FE6}.Release|Any CPU.Build.0 = Release|Any CPU
		{6C864B3D-4555-44EE-AB63-FBBE80B341DD}.Debug|Any CPU.ActiveCfg = Debug|Any CPU
		{6C864B3D-4555-44EE-AB63-FBBE80B341DD}.Debug|Any CPU.Build.0 = Debug|Any CPU
		{6C864B3D-4555-44EE-AB63-FBBE80B341DD}.Release|Any CPU.ActiveCfg = Release|Any CPU
		{6C864B3D-4555-44EE-AB63-FBBE80B341DD}.Release|Any CPU.Build.0 = Release|Any CPU
		{FFE29363-2A16-4CF4-8F5A-6CCBA888CB7D}.Debug|Any CPU.ActiveCfg = Debug|Any CPU
		{FFE29363-2A16-4CF4-8F5A-6CCBA888CB7D}.Debug|Any CPU.Build.0 = Debug|Any CPU
		{FFE29363-2A16-4CF4-8F5A-6CCBA888CB7D}.Release|Any CPU.ActiveCfg = Release|Any CPU
		{FFE29363-2A16-4CF4-8F5A-6CCBA888CB7D}.Release|Any CPU.Build.0 = Release|Any CPU
		{294FC447-004A-4B56-A9BC-C43745A28245}.Debug|Any CPU.ActiveCfg = Debug|Any CPU
		{294FC447-004A-4B56-A9BC-C43745A28245}.Debug|Any CPU.Build.0 = Debug|Any CPU
		{294FC447-004A-4B56-A9BC-C43745A28245}.Release|Any CPU.ActiveCfg = Release|Any CPU
		{294FC447-004A-4B56-A9BC-C43745A28245}.Release|Any CPU.Build.0 = Release|Any CPU
		{47F0F0E2-2FC0-4363-9664-4E4D4166030E}.Debug|Any CPU.ActiveCfg = Debug|Any CPU
		{47F0F0E2-2FC0-4363-9664-4E4D4166030E}.Debug|Any CPU.Build.0 = Debug|Any CPU
		{47F0F0E2-2FC0-4363-9664-4E4D4166030E}.Release|Any CPU.ActiveCfg = Release|Any CPU
		{47F0F0E2-2FC0-4363-9664-4E4D4166030E}.Release|Any CPU.Build.0 = Release|Any CPU
		{B86B818B-80D5-44B6-8A37-50FED4528C63}.Debug|Any CPU.ActiveCfg = Debug|Any CPU
		{B86B818B-80D5-44B6-8A37-50FED4528C63}.Debug|Any CPU.Build.0 = Debug|Any CPU
		{B86B818B-80D5-44B6-8A37-50FED4528C63}.Release|Any CPU.ActiveCfg = Release|Any CPU
		{B86B818B-80D5-44B6-8A37-50FED4528C63}.Release|Any CPU.Build.0 = Release|Any CPU
		{EBE2DA26-4B13-45D7-801A-8D5F36E8526B}.Debug|Any CPU.ActiveCfg = Debug|Any CPU
		{EBE2DA26-4B13-45D7-801A-8D5F36E8526B}.Debug|Any CPU.Build.0 = Debug|Any CPU
		{EBE2DA26-4B13-45D7-801A-8D5F36E8526B}.Release|Any CPU.ActiveCfg = Release|Any CPU
		{EBE2DA26-4B13-45D7-801A-8D5F36E8526B}.Release|Any CPU.Build.0 = Release|Any CPU
		{3A419984-EC16-48AF-806B-65322CD11F10}.Debug|Any CPU.ActiveCfg = Debug|Any CPU
		{3A419984-EC16-48AF-806B-65322CD11F10}.Debug|Any CPU.Build.0 = Debug|Any CPU
		{3A419984-EC16-48AF-806B-65322CD11F10}.Release|Any CPU.ActiveCfg = Release|Any CPU
		{3A419984-EC16-48AF-806B-65322CD11F10}.Release|Any CPU.Build.0 = Release|Any CPU
		{65FA55A9-0D33-46F7-87B5-9906838AB591}.Debug|Any CPU.ActiveCfg = Debug|Any CPU
		{65FA55A9-0D33-46F7-87B5-9906838AB591}.Debug|Any CPU.Build.0 = Debug|Any CPU
		{65FA55A9-0D33-46F7-87B5-9906838AB591}.Release|Any CPU.ActiveCfg = Release|Any CPU
		{65FA55A9-0D33-46F7-87B5-9906838AB591}.Release|Any CPU.Build.0 = Release|Any CPU
		{4FBE2AA9-340B-45A9-AC44-6155BE693BE9}.Debug|Any CPU.ActiveCfg = Debug|Any CPU
		{4FBE2AA9-340B-45A9-AC44-6155BE693BE9}.Debug|Any CPU.Build.0 = Debug|Any CPU
		{4FBE2AA9-340B-45A9-AC44-6155BE693BE9}.Release|Any CPU.ActiveCfg = Release|Any CPU
		{4FBE2AA9-340B-45A9-AC44-6155BE693BE9}.Release|Any CPU.Build.0 = Release|Any CPU
		{1E8704D0-A631-48F7-BE45-D237F2B8DB6C}.Debug|Any CPU.ActiveCfg = Debug|Any CPU
		{1E8704D0-A631-48F7-BE45-D237F2B8DB6C}.Debug|Any CPU.Build.0 = Debug|Any CPU
		{1E8704D0-A631-48F7-BE45-D237F2B8DB6C}.Release|Any CPU.ActiveCfg = Release|Any CPU
		{1E8704D0-A631-48F7-BE45-D237F2B8DB6C}.Release|Any CPU.Build.0 = Release|Any CPU
		{737A01F5-75EC-4AB1-9846-D4AB6950C996}.Debug|Any CPU.ActiveCfg = Debug|Any CPU
		{737A01F5-75EC-4AB1-9846-D4AB6950C996}.Debug|Any CPU.Build.0 = Debug|Any CPU
		{737A01F5-75EC-4AB1-9846-D4AB6950C996}.Release|Any CPU.ActiveCfg = Release|Any CPU
		{737A01F5-75EC-4AB1-9846-D4AB6950C996}.Release|Any CPU.Build.0 = Release|Any CPU
		{91B6F48D-982C-4FB8-8C69-ECAC1A685941}.Debug|Any CPU.ActiveCfg = Debug|Any CPU
		{91B6F48D-982C-4FB8-8C69-ECAC1A685941}.Debug|Any CPU.Build.0 = Debug|Any CPU
		{91B6F48D-982C-4FB8-8C69-ECAC1A685941}.Release|Any CPU.ActiveCfg = Release|Any CPU
		{91B6F48D-982C-4FB8-8C69-ECAC1A685941}.Release|Any CPU.Build.0 = Release|Any CPU
		{A9904433-BA8C-4E4E-9C5F-79ADDF00E251}.Debug|Any CPU.ActiveCfg = Debug|Any CPU
		{A9904433-BA8C-4E4E-9C5F-79ADDF00E251}.Debug|Any CPU.Build.0 = Debug|Any CPU
		{A9904433-BA8C-4E4E-9C5F-79ADDF00E251}.Release|Any CPU.ActiveCfg = Release|Any CPU
		{A9904433-BA8C-4E4E-9C5F-79ADDF00E251}.Release|Any CPU.Build.0 = Release|Any CPU
		{472912B3-9D35-4886-BFD3-50B7FD9086D3}.Debug|Any CPU.ActiveCfg = Debug|Any CPU
		{472912B3-9D35-4886-BFD3-50B7FD9086D3}.Debug|Any CPU.Build.0 = Debug|Any CPU
		{472912B3-9D35-4886-BFD3-50B7FD9086D3}.Release|Any CPU.ActiveCfg = Release|Any CPU
		{472912B3-9D35-4886-BFD3-50B7FD9086D3}.Release|Any CPU.Build.0 = Release|Any CPU
		{14E61E51-337F-4547-A71A-50ADCB879DCE}.Debug|Any CPU.ActiveCfg = Debug|Any CPU
		{14E61E51-337F-4547-A71A-50ADCB879DCE}.Debug|Any CPU.Build.0 = Debug|Any CPU
		{14E61E51-337F-4547-A71A-50ADCB879DCE}.Release|Any CPU.ActiveCfg = Release|Any CPU
		{14E61E51-337F-4547-A71A-50ADCB879DCE}.Release|Any CPU.Build.0 = Release|Any CPU
		{8478B7F9-F6B3-4D1D-BAAC-7BEB5A230FD2}.Debug|Any CPU.ActiveCfg = Debug|Any CPU
		{8478B7F9-F6B3-4D1D-BAAC-7BEB5A230FD2}.Debug|Any CPU.Build.0 = Debug|Any CPU
		{8478B7F9-F6B3-4D1D-BAAC-7BEB5A230FD2}.Release|Any CPU.ActiveCfg = Release|Any CPU
		{8478B7F9-F6B3-4D1D-BAAC-7BEB5A230FD2}.Release|Any CPU.Build.0 = Release|Any CPU
		{66B48A1B-43F8-48E7-A43C-054402A28EA3}.Debug|Any CPU.ActiveCfg = Debug|Any CPU
		{66B48A1B-43F8-48E7-A43C-054402A28EA3}.Debug|Any CPU.Build.0 = Debug|Any CPU
		{66B48A1B-43F8-48E7-A43C-054402A28EA3}.Release|Any CPU.ActiveCfg = Release|Any CPU
		{66B48A1B-43F8-48E7-A43C-054402A28EA3}.Release|Any CPU.Build.0 = Release|Any CPU
		{5A2C3327-CC3F-4099-87A1-4C107504A997}.Debug|Any CPU.ActiveCfg = Debug|Any CPU
		{5A2C3327-CC3F-4099-87A1-4C107504A997}.Debug|Any CPU.Build.0 = Debug|Any CPU
		{5A2C3327-CC3F-4099-87A1-4C107504A997}.Release|Any CPU.ActiveCfg = Release|Any CPU
		{5A2C3327-CC3F-4099-87A1-4C107504A997}.Release|Any CPU.Build.0 = Release|Any CPU
		{84C9972B-BC94-461B-8BE9-E10954335123}.Debug|Any CPU.ActiveCfg = Debug|Any CPU
		{84C9972B-BC94-461B-8BE9-E10954335123}.Debug|Any CPU.Build.0 = Debug|Any CPU
		{84C9972B-BC94-461B-8BE9-E10954335123}.Release|Any CPU.ActiveCfg = Release|Any CPU
		{84C9972B-BC94-461B-8BE9-E10954335123}.Release|Any CPU.Build.0 = Release|Any CPU
		{D0D1AA48-4571-4092-B853-35055AEAEDB3}.Debug|Any CPU.ActiveCfg = Debug|Any CPU
		{D0D1AA48-4571-4092-B853-35055AEAEDB3}.Debug|Any CPU.Build.0 = Debug|Any CPU
		{D0D1AA48-4571-4092-B853-35055AEAEDB3}.Release|Any CPU.ActiveCfg = Release|Any CPU
		{D0D1AA48-4571-4092-B853-35055AEAEDB3}.Release|Any CPU.Build.0 = Release|Any CPU
		{C0D149C9-AA34-4C51-A87D-42A9BCCFD5D8}.Debug|Any CPU.ActiveCfg = Debug|Any CPU
		{C0D149C9-AA34-4C51-A87D-42A9BCCFD5D8}.Debug|Any CPU.Build.0 = Debug|Any CPU
		{C0D149C9-AA34-4C51-A87D-42A9BCCFD5D8}.Release|Any CPU.ActiveCfg = Release|Any CPU
		{C0D149C9-AA34-4C51-A87D-42A9BCCFD5D8}.Release|Any CPU.Build.0 = Release|Any CPU
		{EF69E5B2-DCDB-406B-A885-BC9704CC2406}.Debug|Any CPU.ActiveCfg = Debug|Any CPU
		{EF69E5B2-DCDB-406B-A885-BC9704CC2406}.Debug|Any CPU.Build.0 = Debug|Any CPU
		{EF69E5B2-DCDB-406B-A885-BC9704CC2406}.Release|Any CPU.ActiveCfg = Release|Any CPU
		{EF69E5B2-DCDB-406B-A885-BC9704CC2406}.Release|Any CPU.Build.0 = Release|Any CPU
		{CC533DAD-1CA9-4C7B-AEF3-780227E30ED0}.Debug|Any CPU.ActiveCfg = Debug|Any CPU
		{CC533DAD-1CA9-4C7B-AEF3-780227E30ED0}.Debug|Any CPU.Build.0 = Debug|Any CPU
		{CC533DAD-1CA9-4C7B-AEF3-780227E30ED0}.Release|Any CPU.ActiveCfg = Release|Any CPU
		{CC533DAD-1CA9-4C7B-AEF3-780227E30ED0}.Release|Any CPU.Build.0 = Release|Any CPU
		{0BCA6042-FF16-4A76-AAE1-4651DEAAE6FF}.Debug|Any CPU.ActiveCfg = Debug|Any CPU
		{0BCA6042-FF16-4A76-AAE1-4651DEAAE6FF}.Debug|Any CPU.Build.0 = Debug|Any CPU
		{0BCA6042-FF16-4A76-AAE1-4651DEAAE6FF}.Release|Any CPU.ActiveCfg = Release|Any CPU
		{0BCA6042-FF16-4A76-AAE1-4651DEAAE6FF}.Release|Any CPU.Build.0 = Release|Any CPU
		{ABE0A87F-3B0E-4746-BE33-9FBE0398493C}.Debug|Any CPU.ActiveCfg = Debug|Any CPU
		{ABE0A87F-3B0E-4746-BE33-9FBE0398493C}.Debug|Any CPU.Build.0 = Debug|Any CPU
		{ABE0A87F-3B0E-4746-BE33-9FBE0398493C}.Release|Any CPU.ActiveCfg = Release|Any CPU
		{ABE0A87F-3B0E-4746-BE33-9FBE0398493C}.Release|Any CPU.Build.0 = Release|Any CPU
	EndGlobalSection
	GlobalSection(SolutionProperties) = preSolution
		HideSolutionNode = FALSE
	EndGlobalSection
	GlobalSection(ExtensibilityGlobals) = postSolution
		SolutionGuid = {8A4DDEEE-5D20-4CD3-9EB5-19367D994975}
	EndGlobalSection
EndGlobal
